
Microsoft Visual Studio Solution File, Format Version 12.00
# Visual Studio Version 17
VisualStudioVersion = 17.0.31912.275
MinimumVisualStudioVersion = 10.0.40219.1
Project("{9A19103F-16F7-4668-BE54-9A1E7A4F7556}") = "cd.Exceptionless", "cd.Exceptionless\cd.Exceptionless.csproj", "{688BA3AB-47B2-45AF-8786-7A598A62E387}"
EndProject
Project("{FAE04EC0-301F-11D3-BF4B-00C04F79EFBC}") = "cd.Exceptionless.Framework", "cd.Exceptionless.Framework\cd.Exceptionless.Framework.csproj", "{8729668D-7533-4F61-A215-EB963D190C7D}"
EndProject
Project("{FAE04EC0-301F-11D3-BF4B-00C04F79EFBC}") = "Exceptionless.Framework.Test", "Exceptionless.Framework.Test\Exceptionless.Framework.Test.csproj", "{AA3CEE31-8460-4FB9-BBA2-F7D8AC70B7D0}"
EndProject
Global
	GlobalSection(SolutionConfigurationPlatforms) = preSolution
		Debug|Any CPU = Debug|Any CPU
		Release|Any CPU = Release|Any CPU
	EndGlobalSection
	GlobalSection(ProjectConfigurationPlatforms) = postSolution
		{688BA3AB-47B2-45AF-8786-7A598A62E387}.Debug|Any CPU.ActiveCfg = Debug|Any CPU
		{688BA3AB-47B2-45AF-8786-7A598A62E387}.Debug|Any CPU.Build.0 = Debug|Any CPU
		{688BA3AB-47B2-45AF-8786-7A598A62E387}.Release|Any CPU.ActiveCfg = Release|Any CPU
		{688BA3AB-47B2-45AF-8786-7A598A62E387}.Release|Any CPU.Build.0 = Release|Any CPU
		{8729668D-7533-4F61-A215-EB963D190C7D}.Debug|Any CPU.ActiveCfg = Debug|Any CPU
		{8729668D-7533-4F61-A215-EB963D190C7D}.Debug|Any CPU.Build.0 = Debug|Any CPU
		{8729668D-7533-4F61-A215-EB963D190C7D}.Release|Any CPU.ActiveCfg = Release|Any CPU
		{8729668D-7533-4F61-A215-EB963D190C7D}.Release|Any CPU.Build.0 = Release|Any CPU
		{AA3CEE31-8460-4FB9-BBA2-F7D8AC70B7D0}.Debug|Any CPU.ActiveCfg = Debug|Any CPU
		{AA3CEE31-8460-4FB9-BBA2-F7D8AC70B7D0}.Debug|Any CPU.Build.0 = Debug|Any CPU
		{AA3CEE31-8460-4FB9-BBA2-F7D8AC70B7D0}.Release|Any CPU.ActiveCfg = Release|Any CPU
		{AA3CEE31-8460-4FB9-BBA2-F7D8AC70B7D0}.Release|Any CPU.Build.0 = Release|Any CPU
	EndGlobalSection
	GlobalSection(SolutionProperties) = preSolution
		HideSolutionNode = FALSE
	EndGlobalSection
	GlobalSection(ExtensibilityGlobals) = postSolution
		SolutionGuid = {77C871D9-2FEC-44B0-8F1B-0DDCDD561152}
	EndGlobalSection
EndGlobal
